
Microsoft Visual Studio Solution File, Format Version 12.00
# Visual Studio Version 17
VisualStudioVersion = 17.14.36705.20 d17.14
MinimumVisualStudioVersion = 10.0.40219.1
Project("{FAE04EC0-301F-11D3-BF4B-00C04F79EFBC}") = "StudentFeeManagement.Core", "StudentFeeManagement.Core\StudentFeeManagement.Core.csproj", "{9596B114-2B67-405B-ABE7-95A9DF994425}"
EndProject
Project("{FAE04EC0-301F-11D3-BF4B-00C04F79EFBC}") = "StudentFeeManagement.UI", "StudentFeeManagement.UI\StudentFeeManagement.UI.csproj", "{8A326B34-06FC-4E29-B079-33B6C8878775}"
EndProject
Global
	GlobalSection(SolutionConfigurationPlatforms) = preSolution
		Debug|Any CPU = Debug|Any CPU
		Release|Any CPU = Release|Any CPU
	EndGlobalSection
	GlobalSection(ProjectConfigurationPlatforms) = postSolution
		{9596B114-2B67-405B-ABE7-95A9DF994425}.Debug|Any CPU.ActiveCfg = Debug|Any CPU
		{9596B114-2B67-405B-ABE7-95A9DF994425}.Debug|Any CPU.Build.0 = Debug|Any CPU
		{9596B114-2B67-405B-ABE7-95A9DF994425}.Release|Any CPU.ActiveCfg = Release|Any CPU
		{9596B114-2B67-405B-ABE7-95A9DF994425}.Release|Any CPU.Build.0 = Release|Any CPU
		{8A326B34-06FC-4E29-B079-33B6C8878775}.Debug|Any CPU.ActiveCfg = Debug|Any CPU
		{8A326B34-06FC-4E29-B079-33B6C8878775}.Debug|Any CPU.Build.0 = Debug|Any CPU
		{8A326B34-06FC-4E29-B079-33B6C8878775}.Release|Any CPU.ActiveCfg = Release|Any CPU
		{8A326B34-06FC-4E29-B079-33B6C8878775}.Release|Any CPU.Build.0 = Release|Any CPU
	EndGlobalSection
	GlobalSection(SolutionProperties) = preSolution
		HideSolutionNode = FALSE
	EndGlobalSection
	GlobalSection(ExtensibilityGlobals) = postSolution
		SolutionGuid = {6E846ABF-09F1-4633-86AB-B74CC3D6624D}
	EndGlobalSection
EndGlobal
